<?xml version="1.0" encoding="utf-8"?>
<Project ToolsVersion="18.0" xmlns="http://schemas.microsoft.com/developer/msbuild/2003">
  <ItemGroup>
    <ClCompile Include="linux_evdev.c">
      <Filter>Source Files</Filter>
    </ClCompile>
    <ClCompile Include="macosx_hidmanager.c">
      <Filter>Source Files</Filter>
    </ClCompile>
    <ClCompile Include="macosx_hidutilities.c">
      <Filter>Source Files</Filter>
    </ClCompile>
    <ClCompile Include="manymouse.c">
      <Filter>Source Files</Filter>
    </ClCompile>
    <ClCompile Include="windows_wminput.c">
      <Filter>Source Files</Filter>
    </ClCompile>
    <ClCompile Include="x11_xinput2.c">
      <Filter>Source Files</Filter>
    </ClCompile>
  </ItemGroup>
  <ItemGroup>
    <Filter Include="Source Files">
      <UniqueIdentifier>{82C75259-9C27-310F-9F2F-DE7EB2BFEE35}</UniqueIdentifier>
    </Filter>
  </ItemGroup>
</Project>
