<?xml version="1.0" encoding="utf-8"?>
<Project ToolsVersion="18.0" xmlns="http://schemas.microsoft.com/developer/msbuild/2003">
  <ItemGroup>
    <ClCompile Include="src\main.cpp">
      <Filter>Source Files</Filter>
    </ClCompile>
    <ClCompile Include="src\dosbox.cpp">
      <Filter>Source Files</Filter>
    </ClCompile>
    <ClCompile Include="src\cpu\core_dynrec.cpp">
      <Filter>Source Files\cpu</Filter>
    </ClCompile>
    <ClCompile Include="src\cpu\core_dyn_x86.cpp">
      <Filter>Source Files\cpu</Filter>
    </ClCompile>
    <ClCompile Include="src\cpu\core_full.cpp">
      <Filter>Source Files\cpu</Filter>
    </ClCompile>
    <ClCompile Include="src\cpu\core_normal.cpp">
      <Filter>Source Files\cpu</Filter>
    </ClCompile>
    <ClCompile Include="src\cpu\core_prefetch.cpp">
      <Filter>Source Files\cpu</Filter>
    </ClCompile>
    <ClCompile Include="src\cpu\core_simple.cpp">
      <Filter>Source Files\cpu</Filter>
    </ClCompile>
    <ClCompile Include="src\cpu\cpu.cpp">
      <Filter>Source Files\cpu</Filter>
    </ClCompile>
    <ClCompile Include="src\cpu\paging.cpp">
      <Filter>Source Files\cpu</Filter>
    </ClCompile>
    <ClCompile Include="src\debugger\breakpoint.cpp">
      <Filter>Source Files\debugger</Filter>
    </ClCompile>
    <ClCompile Include="src\debugger\debug.cpp">
      <Filter>Source Files\debugger</Filter>
    </ClCompile>
    <ClCompile Include="src\debugger\debugvar.cpp">
      <Filter>Source Files\debugger</Filter>
    </ClCompile>
    <ClCompile Include="src\debugger\debug_analyzer.cpp">
      <Filter>Source Files\debugger</Filter>
    </ClCompile>
    <ClCompile Include="src\debugger\debugger.cpp">
      <Filter>Source Files\debugger</Filter>
    </ClCompile>
    <ClCompile Include="src\debugger\debugger_command.cpp">
      <Filter>Source Files\debugger</Filter>
    </ClCompile>
    <ClCompile Include="src\debugger\debugger_disasm.cpp">
      <Filter>Source Files\debugger</Filter>
    </ClCompile>
    <ClCompile Include="src\debugger\debugger_gui.cpp">
      <Filter>Source Files\debugger</Filter>
    </ClCompile>
    <ClCompile Include="src\debugger\debugger_keys.cpp">
      <Filter>Source Files\debugger</Filter>
    </ClCompile>
    <ClCompile Include="src\debugger\debugger_log.cpp">
      <Filter>Source Files\debugger</Filter>
    </ClCompile>
    <ClCompile Include="src\dos\dos_execute.cpp">
      <Filter>Source Files\dos</Filter>
    </ClCompile>
    <ClCompile Include="src\gui\sdl_gui.cpp">
      <Filter>Source Files\gui</Filter>
    </ClCompile>
    <ClCompile Include="src\hardware\network\ipx.cpp">
      <Filter>Source Files\hardware\network</Filter>
    </ClCompile>
    <ClCompile Include="src\hardware\video\vga_crtc.cpp">
      <Filter>Source Files\hardware\video</Filter>
    </ClCompile>
    <ClCompile Include="src\hardware\video\vga_memory.cpp">
      <Filter>Source Files\hardware\video</Filter>
    </ClCompile>
    <ClCompile Include="src\hardware\video\voodoo.cpp">
      <Filter>Source Files\hardware\video</Filter>
    </ClCompile>
    <ClCompile Include="src\hardware\dma.cpp">
      <Filter>Source Files\hardware</Filter>
    </ClCompile>
    <ClCompile Include="src\hardware\memory.cpp">
      <Filter>Source Files\hardware</Filter>
    </ClCompile>
    <ClCompile Include="src\hardware\pci_bus.cpp">
      <Filter>Source Files\hardware</Filter>
    </ClCompile>
    <ClCompile Include="src\ints\ems.cpp">
      <Filter>Source Files\ints</Filter>
    </ClCompile>
    <ClCompile Include="src\misc\support.cpp">
      <Filter>Source Files\misc</Filter>
    </ClCompile>
    <ClCompile Include="src\shell\shell_cmds.cpp">
      <Filter>Source Files\shell</Filter>
    </ClCompile>
    <ClCompile Include="src\webserver\dos.cpp">
      <Filter>Source Files\webserver</Filter>
    </ClCompile>
  </ItemGroup>
  <ItemGroup>
    <Filter Include="Source Files">
      <UniqueIdentifier>{82C75259-9C27-310F-9F2F-DE7EB2BFEE35}</UniqueIdentifier>
    </Filter>
    <Filter Include="Source Files\cpu">
      <UniqueIdentifier>{c3a68e2b-fa16-4fea-9929-2811338c3670}</UniqueIdentifier>
    </Filter>
    <Filter Include="Source Files\cpu\core_dynrec">
      <UniqueIdentifier>{88cacafa-eb12-4ffc-8071-355ca5ee0a20}</UniqueIdentifier>
    </Filter>
    <Filter Include="Source Files\cpu\core_dyn_x86">
      <UniqueIdentifier>{31b1b83c-6d51-4b27-bcd6-c93dc0df1d5e}</UniqueIdentifier>
    </Filter>
    <Filter Include="Source Files\cpu\core_full">
      <UniqueIdentifier>{123da2bd-f74e-4917-89d9-e5f35d5fac63}</UniqueIdentifier>
    </Filter>
    <Filter Include="Source Files\cpu\core_normal">
      <UniqueIdentifier>{c5bd2de0-89d7-4607-b594-daa84c6d86f5}</UniqueIdentifier>
    </Filter>
    <Filter Include="Source Files\debugger">
      <UniqueIdentifier>{8aa063a3-a6e2-4fff-9d1f-eb1a10691465}</UniqueIdentifier>
    </Filter>
    <Filter Include="Source Files\dos">
      <UniqueIdentifier>{bbdb6f3c-96d7-41cf-97e4-742eb118f75c}</UniqueIdentifier>
    </Filter>
    <Filter Include="Source Files\gui">
      <UniqueIdentifier>{d4f28efe-61f1-4009-a19b-f4e932210b5f}</UniqueIdentifier>
    </Filter>
    <Filter Include="Source Files\hardware">
      <UniqueIdentifier>{ed75fc0a-7ef1-42b1-89af-70314e667a25}</UniqueIdentifier>
    </Filter>
    <Filter Include="Source Files\hardware\network">
      <UniqueIdentifier>{58074afa-1671-4de0-93ce-c47cf6063197}</UniqueIdentifier>
    </Filter>
    <Filter Include="Source Files\hardware\video">
      <UniqueIdentifier>{d03e5be5-73d8-4124-a6f4-022631e6a92c}</UniqueIdentifier>
    </Filter>
    <Filter Include="Source Files\ints">
      <UniqueIdentifier>{de5283e2-1d35-4165-8a2c-03f8a0340667}</UniqueIdentifier>
    </Filter>
    <Filter Include="Source Files\misc">
      <UniqueIdentifier>{0e094003-4c4b-4b9a-b821-d0d761482873}</UniqueIdentifier>
    </Filter>
    <Filter Include="Source Files\platform">
      <UniqueIdentifier>{f2206a37-4039-4879-9fbe-f101124e9a9b}</UniqueIdentifier>
    </Filter>
    <Filter Include="Source Files\platform\windows">
      <UniqueIdentifier>{8f4c4a39-ef60-4ed4-8ed6-a09fac55117c}</UniqueIdentifier>
    </Filter>
    <Filter Include="Source Files\shell">
      <UniqueIdentifier>{91fb1d3d-d500-4554-bbe4-2533ccd1b214}</UniqueIdentifier>
    </Filter>
    <Filter Include="Source Files\webserver">
      <UniqueIdentifier>{0f8eff4b-256a-4171-98d7-fe7293e0a20b}</UniqueIdentifier>
    </Filter>
    <Filter Include="Header Files">
      <UniqueIdentifier>{b9cc7deb-801c-49e9-9178-6cb887943282}</UniqueIdentifier>
    </Filter>
  </ItemGroup>
  <ItemGroup>
    <None Include="vcpkg.json" />
  </ItemGroup>
  <ItemGroup>
    <ClInclude Include="src\dosbox.h">
      <Filter>Header Files</Filter>
    </ClInclude>
    <ClInclude Include="src\cpu\callback.h">
      <Filter>Source Files\cpu</Filter>
    </ClInclude>
    <ClInclude Include="src\cpu\core_dynrec\decoder.h">
      <Filter>Source Files\cpu\core_dynrec</Filter>
    </ClInclude>
    <ClInclude Include="src\cpu\core_dynrec\decoder_basic.h">
      <Filter>Source Files\cpu\core_dynrec</Filter>
    </ClInclude>
    <ClInclude Include="src\cpu\core_dynrec\decoder_opcodes.h">
      <Filter>Source Files\cpu\core_dynrec</Filter>
    </ClInclude>
    <ClInclude Include="src\cpu\core_dynrec\dyn_fpu.h">
      <Filter>Source Files\cpu\core_dynrec</Filter>
    </ClInclude>
    <ClInclude Include="src\cpu\core_dynrec\dyn_mmx.h">
      <Filter>Source Files\cpu\core_dynrec</Filter>
    </ClInclude>
    <ClInclude Include="src\cpu\core_dynrec\operators.h">
      <Filter>Source Files\cpu\core_dynrec</Filter>
    </ClInclude>
    <ClInclude Include="src\cpu\core_dynrec\risc_armv4le-common.h">
      <Filter>Source Files\cpu\core_dynrec</Filter>
    </ClInclude>
    <ClInclude Include="src\cpu\core_dynrec\risc_armv4le-o3.h">
      <Filter>Source Files\cpu\core_dynrec</Filter>
    </ClInclude>
    <ClInclude Include="src\cpu\core_dynrec\risc_armv4le-thumb-iw.h">
      <Filter>Source Files\cpu\core_dynrec</Filter>
    </ClInclude>
    <ClInclude Include="src\cpu\core_dynrec\risc_armv4le-thumb-niw.h">
      <Filter>Source Files\cpu\core_dynrec</Filter>
    </ClInclude>
    <ClInclude Include="src\cpu\core_dynrec\risc_armv4le-thumb.h">
      <Filter>Source Files\cpu\core_dynrec</Filter>
    </ClInclude>
    <ClInclude Include="src\cpu\core_dynrec\risc_armv4le.h">
      <Filter>Source Files\cpu\core_dynrec</Filter>
    </ClInclude>
    <ClInclude Include="src\cpu\core_dynrec\risc_armv8le.h">
      <Filter>Source Files\cpu\core_dynrec</Filter>
    </ClInclude>
    <ClInclude Include="src\cpu\core_dynrec\risc_mipsel32.h">
      <Filter>Source Files\cpu\core_dynrec</Filter>
    </ClInclude>
    <ClInclude Include="src\cpu\core_dynrec\risc_ppc.h">
      <Filter>Source Files\cpu\core_dynrec</Filter>
    </ClInclude>
    <ClInclude Include="src\cpu\core_dynrec\risc_ppc64le.h">
      <Filter>Source Files\cpu\core_dynrec</Filter>
    </ClInclude>
    <ClInclude Include="src\cpu\core_dynrec\risc_x64.h">
      <Filter>Source Files\cpu\core_dynrec</Filter>
    </ClInclude>
    <ClInclude Include="src\cpu\core_dynrec\risc_x86.h">
      <Filter>Source Files\cpu\core_dynrec</Filter>
    </ClInclude>
    <ClInclude Include="src\cpu\core_dyn_x86\decoder.h">
      <Filter>Source Files\cpu\core_dyn_x86</Filter>
    </ClInclude>
    <ClInclude Include="src\cpu\core_dyn_x86\dyn_fpu.h">
      <Filter>Source Files\cpu\core_dyn_x86</Filter>
    </ClInclude>
    <ClInclude Include="src\cpu\core_dyn_x86\dyn_fpu_dh.h">
      <Filter>Source Files\cpu\core_dyn_x86</Filter>
    </ClInclude>
    <ClInclude Include="src\cpu\core_dyn_x86\dyn_mmx.h">
      <Filter>Source Files\cpu\core_dyn_x86</Filter>
    </ClInclude>
    <ClInclude Include="src\cpu\core_dyn_x86\helpers.h">
      <Filter>Source Files\cpu\core_dyn_x86</Filter>
    </ClInclude>
    <ClInclude Include="src\cpu\core_dyn_x86\risc_x64.h">
      <Filter>Source Files\cpu\core_dyn_x86</Filter>
    </ClInclude>
    <ClInclude Include="src\cpu\core_dyn_x86\risc_x86.h">
      <Filter>Source Files\cpu\core_dyn_x86</Filter>
    </ClInclude>
    <ClInclude Include="src\cpu\core_dyn_x86\string.h">
      <Filter>Source Files\cpu\core_dyn_x86</Filter>
    </ClInclude>
    <ClInclude Include="src\cpu\core_full\ea_lookup.h">
      <Filter>Source Files\cpu\core_full</Filter>
    </ClInclude>
    <ClInclude Include="src\cpu\core_full\load.h">
      <Filter>Source Files\cpu\core_full</Filter>
    </ClInclude>
    <ClInclude Include="src\cpu\core_full\loadwrite.h">
      <Filter>Source Files\cpu\core_full</Filter>
    </ClInclude>
    <ClInclude Include="src\cpu\core_full\op.h">
      <Filter>Source Files\cpu\core_full</Filter>
    </ClInclude>
    <ClInclude Include="src\cpu\core_full\optable.h">
      <Filter>Source Files\cpu\core_full</Filter>
    </ClInclude>
    <ClInclude Include="src\cpu\core_full\save.h">
      <Filter>Source Files\cpu\core_full</Filter>
    </ClInclude>
    <ClInclude Include="src\cpu\core_full\string.h">
      <Filter>Source Files\cpu\core_full</Filter>
    </ClInclude>
    <ClInclude Include="src\cpu\core_full\support.h">
      <Filter>Source Files\cpu\core_full</Filter>
    </ClInclude>
    <ClInclude Include="src\cpu\core_normal\helpers.h">
      <Filter>Source Files\cpu\core_normal</Filter>
    </ClInclude>
    <ClInclude Include="src\cpu\core_normal\prefix_0f.h">
      <Filter>Source Files\cpu\core_normal</Filter>
    </ClInclude>
    <ClInclude Include="src\cpu\core_normal\prefix_0f_mmx.h">
      <Filter>Source Files\cpu\core_normal</Filter>
    </ClInclude>
    <ClInclude Include="src\cpu\core_normal\prefix_66.h">
      <Filter>Source Files\cpu\core_normal</Filter>
    </ClInclude>
    <ClInclude Include="src\cpu\core_normal\prefix_66_0f.h">
      <Filter>Source Files\cpu\core_normal</Filter>
    </ClInclude>
    <ClInclude Include="src\cpu\core_normal\prefix_none.h">
      <Filter>Source Files\cpu\core_normal</Filter>
    </ClInclude>
    <ClInclude Include="src\cpu\core_normal\string.h">
      <Filter>Source Files\cpu\core_normal</Filter>
    </ClInclude>
    <ClInclude Include="src\cpu\core_normal\support.h">
      <Filter>Source Files\cpu\core_normal</Filter>
    </ClInclude>
    <ClInclude Include="src\cpu\core_normal\table_ea.h">
      <Filter>Source Files\cpu\core_normal</Filter>
    </ClInclude>
    <ClInclude Include="src\cpu\cpu.h">
      <Filter>Source Files\cpu</Filter>
    </ClInclude>
    <ClInclude Include="src\cpu\dyn_cache.h">
      <Filter>Source Files\cpu</Filter>
    </ClInclude>
    <ClInclude Include="src\cpu\flags.h">
      <Filter>Source Files\cpu</Filter>
    </ClInclude>
    <ClInclude Include="src\cpu\instructions.h">
      <Filter>Source Files\cpu</Filter>
    </ClInclude>
    <ClInclude Include="src\cpu\lazyflags.h">
      <Filter>Source Files\cpu</Filter>
    </ClInclude>
    <ClInclude Include="src\cpu\mmx.h">
      <Filter>Source Files\cpu</Filter>
    </ClInclude>
    <ClInclude Include="src\cpu\modrm.h">
      <Filter>Source Files\cpu</Filter>
    </ClInclude>
    <ClInclude Include="src\cpu\paging.h">
      <Filter>Source Files\cpu</Filter>
    </ClInclude>
    <ClInclude Include="src\cpu\registers.h">
      <Filter>Source Files\cpu</Filter>
    </ClInclude>
    <ClInclude Include="src\cpu\string_ops.h">
      <Filter>Source Files\cpu</Filter>
    </ClInclude>
    <ClInclude Include="src\debugger\breakpoint.h">
      <Filter>Source Files\debugger</Filter>
    </ClInclude>
    <ClInclude Include="src\debugger\debugger.h">
      <Filter>Source Files\debugger</Filter>
    </ClInclude>
    <ClInclude Include="src\debugger\debugger_inc.h">
      <Filter>Source Files\debugger</Filter>
    </ClInclude>
    <ClInclude Include="src\debugger\debugger_disasm.h">
      <Filter>Source Files\debugger</Filter>
    </ClInclude>
    <ClInclude Include="src\debugger\debug.h">
      <Filter>Source Files\debugger</Filter>
    </ClInclude>
    <ClInclude Include="src\debugger\debugvar.h">
      <Filter>Source Files\debugger</Filter>
    </ClInclude>
    <ClInclude Include="src\debugger\debugtypes.h">
      <Filter>Source Files\debugger</Filter>
    </ClInclude>
    <ClInclude Include="src\debugger\IBM_VGA_8x16.h">
      <Filter>Source Files\debugger</Filter>
    </ClInclude>
    <ClInclude Include="src\hardware\network\ipx.h">
      <Filter>Source Files\hardware\network</Filter>
    </ClInclude>
    <ClInclude Include="src\hardware\network\ipxserver.h">
      <Filter>Source Files\hardware\network</Filter>
    </ClInclude>
    <ClInclude Include="src\hardware\pci_bus.h">
      <Filter>Source Files\hardware</Filter>
    </ClInclude>
    <ClInclude Include="src\hardware\timer.h">
      <Filter>Source Files\hardware</Filter>
    </ClInclude>
    <ClInclude Include="src\misc\support.h">
      <Filter>Source Files\misc</Filter>
    </ClInclude>
    <ClInclude Include="include\dosbox_config.h">
      <Filter>Header Files</Filter>
    </ClInclude>
    <ClInclude Include="include\unistd.h" />
  </ItemGroup>
  <ItemGroup>
    <ResourceCompile Include="src\platform\windows\winres.rc">
      <Filter>Source Files\platform\windows</Filter>
	</ResourceCompile>
  </ItemGroup>
</Project>