<?xml version="1.0" encoding="utf-8"?>
<Project ToolsVersion="18.0" xmlns="http://schemas.microsoft.com/developer/msbuild/2003">
  <ItemGroup>
    <ClCompile Include="src\main.cpp">
      <Filter>Source Files</Filter>
    </ClCompile>
    <ClCompile Include="src\dosbox.cpp">
      <Filter>Source Files</Filter>
    </ClCompile>
    <ClCompile Include="src\audio\clap\event_list.cpp">
      <Filter>Source Files</Filter>
    </ClCompile>
    <ClCompile Include="src\audio\clap\library.cpp">
      <Filter>Source Files</Filter>
    </ClCompile>
    <ClCompile Include="src\audio\clap\plugin.cpp">
      <Filter>Source Files</Filter>
    </ClCompile>
    <ClCompile Include="src\audio\clap\plugin_manager.cpp">
      <Filter>Source Files</Filter>
    </ClCompile>
    <ClCompile Include="src\audio\disk_noise.cpp">
      <Filter>Source Files</Filter>
    </ClCompile>
    <ClCompile Include="src\audio\compressor.cpp">
      <Filter>Source Files</Filter>
    </ClCompile>
    <ClCompile Include="src\audio\envelope.cpp">
      <Filter>Source Files</Filter>
    </ClCompile>
    <ClCompile Include="src\audio\mixer.cpp">
      <Filter>Source Files</Filter>
    </ClCompile>
    <ClCompile Include="src\audio\noise_gate.cpp">
      <Filter>Source Files</Filter>
    </ClCompile>
    <ClCompile Include="src\audio\opl_capture.cpp">
      <Filter>Source Files</Filter>
    </ClCompile>
    <ClCompile Include="src\capture\capture.cpp">
      <Filter>Source Files</Filter>
    </ClCompile>
    <ClCompile Include="src\capture\capture_audio.cpp">
      <Filter>Source Files</Filter>
    </ClCompile>
    <ClCompile Include="src\capture\capture_midi.cpp">
      <Filter>Source Files</Filter>
    </ClCompile>
    <ClCompile Include="src\capture\capture_video.cpp">
      <Filter>Source Files</Filter>
    </ClCompile>
    <ClCompile Include="src\capture\image\image_capturer.cpp">
      <Filter>Source Files</Filter>
    </ClCompile>
    <ClCompile Include="src\capture\image\image_saver.cpp">
      <Filter>Source Files</Filter>
    </ClCompile>
    <ClCompile Include="src\capture\image\image_scaler.cpp">
      <Filter>Source Files</Filter>
    </ClCompile>
    <ClCompile Include="src\capture\image\png_writer.cpp">
      <Filter>Source Files</Filter>
    </ClCompile>
    <ClCompile Include="src\config\config.cpp">
      <Filter>Source Files</Filter>
    </ClCompile>
    <ClCompile Include="src\config\setup.cpp">
      <Filter>Source Files</Filter>
    </ClCompile>
    <ClCompile Include="src\cpu\callback.cpp">
      <Filter>Source Files</Filter>
    </ClCompile>
    <ClCompile Include="src\cpu\core_dyn_x86.cpp">
      <Filter>Source Files</Filter>
    </ClCompile>
    <ClCompile Include="src\cpu\core_dynrec.cpp">
      <Filter>Source Files</Filter>
    </ClCompile>
    <ClCompile Include="src\cpu\core_full.cpp">
      <Filter>Source Files</Filter>
    </ClCompile>
    <ClCompile Include="src\cpu\core_normal.cpp">
      <Filter>Source Files</Filter>
    </ClCompile>
    <ClCompile Include="src\cpu\core_prefetch.cpp">
      <Filter>Source Files</Filter>
    </ClCompile>
    <ClCompile Include="src\cpu\core_simple.cpp">
      <Filter>Source Files</Filter>
    </ClCompile>
    <ClCompile Include="src\cpu\cpu.cpp">
      <Filter>Source Files</Filter>
    </ClCompile>
    <ClCompile Include="src\cpu\flags.cpp">
      <Filter>Source Files</Filter>
    </ClCompile>
    <ClCompile Include="src\cpu\mmx.cpp">
      <Filter>Source Files</Filter>
    </ClCompile>
    <ClCompile Include="src\cpu\modrm.cpp">
      <Filter>Source Files</Filter>
    </ClCompile>
    <ClCompile Include="src\cpu\paging.cpp">
      <Filter>Source Files</Filter>
    </ClCompile>
    <ClCompile Include="src\debugger\debugger.cpp">
      <Filter>Source Files</Filter>
    </ClCompile>
    <ClCompile Include="src\debugger\debugger_command.cpp">
      <Filter>Source Files</Filter>
    </ClCompile>
    <ClCompile Include="src\debugger\debugger_disasm.cpp">
      <Filter>Source Files</Filter>
    </ClCompile>
    <ClCompile Include="src\debugger\debugger_gui.cpp">
      <Filter>Source Files</Filter>
    </ClCompile>
    <ClCompile Include="src\debugger\debugger_keys.cpp">
      <Filter>Source Files</Filter>
    </ClCompile>
    <ClCompile Include="src\debugger\debugger_log.cpp">
      <Filter>Source Files</Filter>
    </ClCompile>
    <ClCompile Include="src\debugger\cbreakpoint.cpp">
      <Filter>Source Files</Filter>
    </ClCompile>
    <ClCompile Include="src\dos\cdrom.cpp">
      <Filter>Source Files</Filter>
    </ClCompile>
    <ClCompile Include="src\dos\cdrom_image.cpp">
      <Filter>Source Files</Filter>
    </ClCompile>
    <ClCompile Include="src\dos\cdrom_ioctl_linux.cpp">
      <Filter>Source Files</Filter>
    </ClCompile>
    <ClCompile Include="src\dos\cdrom_win32.cpp">
      <Filter>Source Files</Filter>
    </ClCompile>
    <ClCompile Include="src\dos\dos.cpp">
      <Filter>Source Files</Filter>
    </ClCompile>
    <ClCompile Include="src\dos\dos_classes.cpp">
      <Filter>Source Files</Filter>
    </ClCompile>
    <ClCompile Include="src\dos\dos_code_page.cpp">
      <Filter>Source Files</Filter>
    </ClCompile>
    <ClCompile Include="src\dos\dos_devices.cpp">
      <Filter>Source Files</Filter>
    </ClCompile>
    <ClCompile Include="src\dos\dos_execute.cpp">
      <Filter>Source Files</Filter>
    </ClCompile>
    <ClCompile Include="src\dos\dos_files.cpp">
      <Filter>Source Files</Filter>
    </ClCompile>
    <ClCompile Include="src\dos\dos_ioctl.cpp">
      <Filter>Source Files</Filter>
    </ClCompile>
    <ClCompile Include="src\dos\dos_keyboard_layout.cpp">
      <Filter>Source Files</Filter>
    </ClCompile>
    <ClCompile Include="src\dos\dos_locale.cpp">
      <Filter>Source Files</Filter>
    </ClCompile>
    <ClCompile Include="src\dos\dos_locale_data.cpp">
      <Filter>Source Files</Filter>
    </ClCompile>
    <ClCompile Include="src\dos\dos_memory.cpp">
      <Filter>Source Files</Filter>
    </ClCompile>
    <ClCompile Include="src\dos\dos_misc.cpp">
      <Filter>Source Files</Filter>
    </ClCompile>
    <ClCompile Include="src\dos\dos_mscdex.cpp">
      <Filter>Source Files</Filter>
    </ClCompile>
    <ClCompile Include="src\dos\dos_programs.cpp">
      <Filter>Source Files</Filter>
    </ClCompile>
    <ClCompile Include="src\dos\dos_tables.cpp">
      <Filter>Source Files</Filter>
    </ClCompile>
    <ClCompile Include="src\dos\dos_windows.cpp">
      <Filter>Source Files</Filter>
    </ClCompile>
    <ClCompile Include="src\dos\drive_cache.cpp">
      <Filter>Source Files</Filter>
    </ClCompile>
    <ClCompile Include="src\dos\drive_fat.cpp">
      <Filter>Source Files</Filter>
    </ClCompile>
    <ClCompile Include="src\dos\drive_iso.cpp">
      <Filter>Source Files</Filter>
    </ClCompile>
    <ClCompile Include="src\dos\drive_local.cpp">
      <Filter>Source Files</Filter>
    </ClCompile>
    <ClCompile Include="src\dos\drive_overlay.cpp">
      <Filter>Source Files</Filter>
    </ClCompile>
    <ClCompile Include="src\dos\drive_virtual.cpp">
      <Filter>Source Files</Filter>
    </ClCompile>
    <ClCompile Include="src\dos\drives.cpp">
      <Filter>Source Files</Filter>
    </ClCompile>
    <ClCompile Include="src\dos\programs.cpp">
      <Filter>Source Files</Filter>
    </ClCompile>
    <ClCompile Include="src\dos\programs\attrib.cpp">
      <Filter>Source Files</Filter>
    </ClCompile>
    <ClCompile Include="src\dos\programs\autotype.cpp">
      <Filter>Source Files</Filter>
    </ClCompile>
    <ClCompile Include="src\dos\programs\biostest.cpp">
      <Filter>Source Files</Filter>
    </ClCompile>
    <ClCompile Include="src\dos\programs\boot.cpp">
      <Filter>Source Files</Filter>
    </ClCompile>
    <ClCompile Include="src\dos\programs\choice.cpp">
      <Filter>Source Files</Filter>
    </ClCompile>
    <ClCompile Include="src\dos\programs\clip.cpp">
      <Filter>Source Files</Filter>
    </ClCompile>
    <ClCompile Include="src\dos\programs\help.cpp">
      <Filter>Source Files</Filter>
    </ClCompile>
    <ClCompile Include="src\dos\programs\makeimg.cpp">
      <Filter>Source Files</Filter>
    </ClCompile>
    <ClCompile Include="src\dos\programs\imgmount.cpp">
      <Filter>Source Files</Filter>
    </ClCompile>
    <ClCompile Include="src\dos\programs\intro.cpp">
      <Filter>Source Files</Filter>
    </ClCompile>
    <ClCompile Include="src\dos\programs\keyb.cpp">
      <Filter>Source Files</Filter>
    </ClCompile>
    <ClCompile Include="src\dos\programs\loadfix.cpp">
      <Filter>Source Files</Filter>
    </ClCompile>
    <ClCompile Include="src\dos\programs\loadrom.cpp">
      <Filter>Source Files</Filter>
    </ClCompile>
    <ClCompile Include="src\dos\programs\ls.cpp">
      <Filter>Source Files</Filter>
    </ClCompile>
    <ClCompile Include="src\dos\programs\mem.cpp">
      <Filter>Source Files</Filter>
    </ClCompile>
    <ClCompile Include="src\dos\programs\mixer.cpp">
      <Filter>Source Files</Filter>
    </ClCompile>
    <ClCompile Include="src\dos\programs\mode.cpp">
      <Filter>Source Files</Filter>
    </ClCompile>
    <ClCompile Include="src\dos\programs\more.cpp">
      <Filter>Source Files</Filter>
    </ClCompile>
    <ClCompile Include="src\dos\programs\more_output.cpp">
      <Filter>Source Files</Filter>
    </ClCompile>
    <ClCompile Include="src\dos\programs\mount.cpp">
      <Filter>Source Files</Filter>
    </ClCompile>
    <ClCompile Include="src\dos\programs\mount_common.cpp">
      <Filter>Source Files</Filter>
    </ClCompile>
    <ClCompile Include="src\dos\programs\mouse.cpp">
      <Filter>Source Files</Filter>
    </ClCompile>
    <ClCompile Include="src\dos\programs\mousectl.cpp">
      <Filter>Source Files</Filter>
    </ClCompile>
    <ClCompile Include="src\dos\programs\move.cpp">
      <Filter>Source Files</Filter>
    </ClCompile>
    <ClCompile Include="src\dos\programs\rescan.cpp">
      <Filter>Source Files</Filter>
    </ClCompile>
    <ClCompile Include="src\dos\programs\serial.cpp">
      <Filter>Source Files</Filter>
    </ClCompile>
    <ClCompile Include="src\dos\programs\setver.cpp">
      <Filter>Source Files</Filter>
    </ClCompile>
    <ClCompile Include="src\dos\programs\showpic.cpp">
      <Filter>Source Files</Filter>
    </ClCompile>
    <ClCompile Include="src\dos\programs\subst.cpp">
      <Filter>Source Files</Filter>
    </ClCompile>
    <ClCompile Include="src\dos\programs\tree.cpp">
      <Filter>Source Files</Filter>
    </ClCompile>
    <ClCompile Include="src\fpu\fpu.cpp">
      <Filter>Source Files</Filter>
    </ClCompile>
    <ClCompile Include="src\gui\auto_image_adjustments.cpp">
      <Filter>Source Files</Filter>
    </ClCompile>
    <ClCompile Include="src\gui\clipboard.cpp">
      <Filter>Source Files</Filter>
    </ClCompile>
    <ClCompile Include="src\gui\mapper.cpp">
      <Filter>Source Files</Filter>
    </ClCompile>
    <ClCompile Include="src\gui\sdl_gui.cpp">
      <Filter>Source Files</Filter>
    </ClCompile>
    <ClCompile Include="src\gui\shader_manager.cpp">
      <Filter>Source Files</Filter>
    </ClCompile>
    <ClCompile Include="src\gui\titlebar.cpp">
      <Filter>Source Files</Filter>
    </ClCompile>
    <ClCompile Include="src\gui\render\deinterlacer.cpp">
      <Filter>Source Files</Filter>
    </ClCompile>
    <ClCompile Include="src\gui\render\opengl_renderer.cpp">
      <Filter>Source Files</Filter>
    </ClCompile>
    <ClCompile Include="src\gui\render\render.cpp">
      <Filter>Source Files</Filter>
    </ClCompile>
    <ClCompile Include="src\gui\render\scaler\scalers.cpp">
      <Filter>Source Files</Filter>
    </ClCompile>
    <ClCompile Include="src\gui\render\sdl_renderer.cpp">
      <Filter>Source Files</Filter>
    </ClCompile>
    <ClCompile Include="src\hardware\audio\adlib_gold.cpp">
      <Filter>Source Files</Filter>
    </ClCompile>
    <ClCompile Include="src\hardware\audio\cms.cpp">
      <Filter>Source Files</Filter>
    </ClCompile>
    <ClCompile Include="src\hardware\audio\covox.cpp">
      <Filter>Source Files</Filter>
    </ClCompile>
    <ClCompile Include="src\hardware\audio\disney.cpp">
      <Filter>Source Files</Filter>
    </ClCompile>
    <ClCompile Include="src\hardware\audio\gus.cpp">
      <Filter>Source Files</Filter>
    </ClCompile>
    <ClCompile Include="src\hardware\audio\imfc.cpp">
      <Filter>Source Files</Filter>
    </ClCompile>
    <ClCompile Include="src\hardware\audio\innovation.cpp">
      <Filter>Source Files</Filter>
    </ClCompile>
    <ClCompile Include="src\hardware\audio\lpt_dac.cpp">
      <Filter>Source Files</Filter>
    </ClCompile>
    <ClCompile Include="src\hardware\audio\mame\saa1099.cpp">
      <Filter>Source Files</Filter>
    </ClCompile>
    <ClCompile Include="src\hardware\audio\mame\sn76496.cpp">
      <Filter>Source Files</Filter>
    </ClCompile>
    <ClCompile Include="src\hardware\audio\mpu401.cpp">
      <Filter>Source Files</Filter>
    </ClCompile>
    <ClCompile Include="src\hardware\audio\opl.cpp">
      <Filter>Source Files</Filter>
    </ClCompile>
    <ClCompile Include="src\hardware\audio\pcspeaker.cpp">
      <Filter>Source Files</Filter>
    </ClCompile>
    <ClCompile Include="src\hardware\audio\pcspeaker_discrete.cpp">
      <Filter>Source Files</Filter>
    </ClCompile>
    <ClCompile Include="src\hardware\audio\pcspeaker_impulse.cpp">
      <Filter>Source Files</Filter>
    </ClCompile>
    <ClCompile Include="src\hardware\audio\ps1audio.cpp">
      <Filter>Source Files</Filter>
    </ClCompile>
    <ClCompile Include="src\hardware\audio\soundblaster.cpp">
      <Filter>Source Files</Filter>
    </ClCompile>
    <ClCompile Include="src\hardware\audio\speaker.cpp">
      <Filter>Source Files</Filter>
    </ClCompile>
    <ClCompile Include="src\hardware\audio\ston1_dac.cpp">
      <Filter>Source Files</Filter>
    </ClCompile>
    <ClCompile Include="src\hardware\audio\tandy_sound.cpp">
      <Filter>Source Files</Filter>
    </ClCompile>
    <ClCompile Include="src\hardware\input\intel8042.cpp">
      <Filter>Source Files</Filter>
    </ClCompile>
    <ClCompile Include="src\hardware\input\intel8255.cpp">
      <Filter>Source Files</Filter>
    </ClCompile>
    <ClCompile Include="src\hardware\input\joystick.cpp">
      <Filter>Source Files</Filter>
    </ClCompile>
    <ClCompile Include="src\hardware\input\keyboard.cpp">
      <Filter>Source Files</Filter>
    </ClCompile>
    <ClCompile Include="src\hardware\input\keyboard_scancodes.cpp">
      <Filter>Source Files</Filter>
    </ClCompile>
    <ClCompile Include="src\hardware\input\mouse.cpp">
      <Filter>Source Files</Filter>
    </ClCompile>
    <ClCompile Include="src\hardware\input\mouse_common.cpp">
      <Filter>Source Files</Filter>
    </ClCompile>
    <ClCompile Include="src\hardware\input\mouse_config.cpp">
      <Filter>Source Files</Filter>
    </ClCompile>
    <ClCompile Include="src\hardware\input\mouse_interfaces.cpp">
      <Filter>Source Files</Filter>
    </ClCompile>
    <ClCompile Include="src\hardware\input\mouse_manymouse.cpp">
      <Filter>Source Files</Filter>
    </ClCompile>
    <ClCompile Include="src\hardware\input\mouseif_dos_driver.cpp">
      <Filter>Source Files</Filter>
    </ClCompile>
    <ClCompile Include="src\hardware\input\mouseif_dos_driver_state.cpp">
      <Filter>Source Files</Filter>
    </ClCompile>
    <ClCompile Include="src\hardware\input\mouseif_ps2_bios.cpp">
      <Filter>Source Files</Filter>
    </ClCompile>
    <ClCompile Include="src\hardware\input\mouseif_virtual_machines.cpp">
      <Filter>Source Files</Filter>
    </ClCompile>
    <ClCompile Include="src\hardware\network\ipx.cpp">
      <Filter>Source Files</Filter>
    </ClCompile>
    <ClCompile Include="src\hardware\network\ipxserver.cpp">
      <Filter>Source Files</Filter>
    </ClCompile>
    <ClCompile Include="src\hardware\network\ne2000.cpp">
      <Filter>Source Files</Filter>
    </ClCompile>
    <ClCompile Include="src\hardware\serialport\misc_util.cpp">
      <Filter>Source Files</Filter>
    </ClCompile>
    <ClCompile Include="src\hardware\serialport\nullmodem.cpp">
      <Filter>Source Files</Filter>
    </ClCompile>
    <ClCompile Include="src\hardware\serialport\serialdummy.cpp">
      <Filter>Source Files</Filter>
    </ClCompile>
    <ClCompile Include="src\hardware\serialport\serialmouse.cpp">
      <Filter>Source Files</Filter>
    </ClCompile>
    <ClCompile Include="src\hardware\serialport\serialport.cpp">
      <Filter>Source Files</Filter>
    </ClCompile>
    <ClCompile Include="src\hardware\serialport\softmodem.cpp">
      <Filter>Source Files</Filter>
    </ClCompile>
    <ClCompile Include="src\hardware\video\reelmagic\driver.cpp">
      <Filter>Source Files</Filter>
    </ClCompile>
    <ClCompile Include="src\hardware\video\reelmagic\player.cpp">
      <Filter>Source Files</Filter>
    </ClCompile>
    <ClCompile Include="src\hardware\video\reelmagic\video_mixer.cpp">
      <Filter>Source Files</Filter>
    </ClCompile>
    <ClCompile Include="src\hardware\video\vga.cpp">
      <Filter>Source Files</Filter>
    </ClCompile>
    <ClCompile Include="src\hardware\video\vga_attr.cpp">
      <Filter>Source Files</Filter>
    </ClCompile>
    <ClCompile Include="src\hardware\video\vga_crtc.cpp">
      <Filter>Source Files</Filter>
    </ClCompile>
    <ClCompile Include="src\hardware\video\vga_dac.cpp">
      <Filter>Source Files</Filter>
    </ClCompile>
    <ClCompile Include="src\hardware\video\vga_draw.cpp">
      <Filter>Source Files</Filter>
    </ClCompile>
    <ClCompile Include="src\hardware\video\vga_gfx.cpp">
      <Filter>Source Files</Filter>
    </ClCompile>
    <ClCompile Include="src\hardware\video\vga_memory.cpp">
      <Filter>Source Files</Filter>
    </ClCompile>
    <ClCompile Include="src\hardware\video\vga_misc.cpp">
      <Filter>Source Files</Filter>
    </ClCompile>
    <ClCompile Include="src\hardware\video\vga_other.cpp">
      <Filter>Source Files</Filter>
    </ClCompile>
    <ClCompile Include="src\hardware\video\vga_paradise.cpp">
      <Filter>Source Files</Filter>
    </ClCompile>
    <ClCompile Include="src\hardware\video\vga_s3.cpp">
      <Filter>Source Files</Filter>
    </ClCompile>
    <ClCompile Include="src\hardware\video\vga_seq.cpp">
      <Filter>Source Files</Filter>
    </ClCompile>
    <ClCompile Include="src\hardware\video\vga_tseng.cpp">
      <Filter>Source Files</Filter>
    </ClCompile>
    <ClCompile Include="src\hardware\video\vga_xga.cpp">
      <Filter>Source Files</Filter>
    </ClCompile>
    <ClCompile Include="src\hardware\video\voodoo.cpp">
      <Filter>Source Files</Filter>
    </ClCompile>
    <ClCompile Include="src\hardware\cmos.cpp">
      <Filter>Source Files</Filter>
    </ClCompile>
    <ClCompile Include="src\hardware\dma.cpp">
      <Filter>Source Files</Filter>
    </ClCompile>
    <ClCompile Include="src\hardware\ide.cpp">
      <Filter>Source Files</Filter>
    </ClCompile>
    <ClCompile Include="src\hardware\memory.cpp">
      <Filter>Source Files</Filter>
    </ClCompile>
    <ClCompile Include="src\hardware\pci_bus.cpp">
      <Filter>Source Files</Filter>
    </ClCompile>
    <ClCompile Include="src\hardware\pic.cpp">
      <Filter>Source Files</Filter>
    </ClCompile>
    <ClCompile Include="src\hardware\port.cpp">
      <Filter>Source Files</Filter>
    </ClCompile>
    <ClCompile Include="src\hardware\port_containers.cpp">
      <Filter>Source Files</Filter>
    </ClCompile>
    <ClCompile Include="src\hardware\timer.cpp">
      <Filter>Source Files</Filter>
    </ClCompile>
    <ClCompile Include="src\hardware\virtualbox.cpp">
      <Filter>Source Files</Filter>
    </ClCompile>
    <ClCompile Include="src\hardware\vmware.cpp">
      <Filter>Source Files</Filter>
    </ClCompile>
    <ClCompile Include="src\ints\bios.cpp">
      <Filter>Source Files</Filter>
    </ClCompile>
    <ClCompile Include="src\ints\bios_disk.cpp">
      <Filter>Source Files</Filter>
    </ClCompile>
    <ClCompile Include="src\ints\bios_keyboard.cpp">
      <Filter>Source Files</Filter>
    </ClCompile>
    <ClCompile Include="src\ints\bios_pci.cpp">
      <Filter>Source Files</Filter>
    </ClCompile>
    <ClCompile Include="src\ints\ems.cpp">
      <Filter>Source Files</Filter>
    </ClCompile>
    <ClCompile Include="src\ints\int10.cpp">
      <Filter>Source Files</Filter>
    </ClCompile>
    <ClCompile Include="src\ints\int10_char.cpp">
      <Filter>Source Files</Filter>
    </ClCompile>
    <ClCompile Include="src\ints\int10_memory.cpp">
      <Filter>Source Files</Filter>
    </ClCompile>
    <ClCompile Include="src\ints\int10_misc.cpp">
      <Filter>Source Files</Filter>
    </ClCompile>
    <ClCompile Include="src\ints\int10_modes.cpp">
      <Filter>Source Files</Filter>
    </ClCompile>
    <ClCompile Include="src\ints\int10_pal.cpp">
      <Filter>Source Files</Filter>
    </ClCompile>
    <ClCompile Include="src\ints\int10_put_pixel.cpp">
      <Filter>Source Files</Filter>
    </ClCompile>
    <ClCompile Include="src\ints\int10_vesa.cpp">
      <Filter>Source Files</Filter>
    </ClCompile>
    <ClCompile Include="src\ints\int10_video_state.cpp">
      <Filter>Source Files</Filter>
    </ClCompile>
    <ClCompile Include="src\ints\int10_vptable.cpp">
      <Filter>Source Files</Filter>
    </ClCompile>
    <ClCompile Include="src\ints\xms.cpp">
      <Filter>Source Files</Filter>
    </ClCompile>
    <ClCompile Include="src\midi\alsa.cpp">
      <Filter>Source Files</Filter>
    </ClCompile>
    <ClCompile Include="src\midi\coreaudio.cpp">
      <Filter>Source Files</Filter>
    </ClCompile>
    <ClCompile Include="src\midi\coremidi.cpp">
      <Filter>Source Files</Filter>
    </ClCompile>
    <ClCompile Include="src\midi\fluidsynth.cpp">
      <Filter>Source Files</Filter>
    </ClCompile>
    <ClCompile Include="src\midi\midi.cpp">
      <Filter>Source Files</Filter>
    </ClCompile>
    <ClCompile Include="src\midi\mt32.cpp">
      <Filter>Source Files</Filter>
    </ClCompile>
    <ClCompile Include="src\midi\mt32_lasynth_model.cpp">
      <Filter>Source Files</Filter>
    </ClCompile>
    <ClCompile Include="src\midi\soundcanvas.cpp">
      <Filter>Source Files</Filter>
    </ClCompile>
    <ClCompile Include="src\midi\win32.cpp">
      <Filter>Source Files</Filter>
    </ClCompile>
    <ClCompile Include="src\network\ethernet.cpp">
      <Filter>Source Files</Filter>
    </ClCompile>
    <ClCompile Include="src\network\ethernet_slirp.cpp">
      <Filter>Source Files</Filter>
    </ClCompile>
    <ClCompile Include="src\misc\ansi_code_markup.cpp">
      <Filter>Source Files</Filter>
    </ClCompile>
    <ClCompile Include="src\misc\console.cpp">
      <Filter>Source Files</Filter>
    </ClCompile>
    <ClCompile Include="src\misc\cross.cpp">
      <Filter>Source Files</Filter>
    </ClCompile>
    <ClCompile Include="src\misc\dos_rwops.cpp">
      <Filter>Source Files</Filter>
    </ClCompile>
    <ClCompile Include="src\misc\fs_utils.cpp">
      <Filter>Source Files</Filter>
    </ClCompile>
    <ClCompile Include="src\misc\fs_utils_posix.cpp">
      <Filter>Source Files</Filter>
    </ClCompile>
    <ClCompile Include="src\misc\fs_utils_win32.cpp">
      <Filter>Source Files</Filter>
    </ClCompile>
    <ClCompile Include="src\misc\help_util.cpp">
      <Filter>Source Files</Filter>
    </ClCompile>
    <ClCompile Include="src\misc\host_locale.cpp">
      <Filter>Source Files</Filter>
    </ClCompile>
    <ClCompile Include="src\misc\host_locale_macos.cpp">
      <Filter>Source Files</Filter>
    </ClCompile>
    <ClCompile Include="src\misc\host_locale_posix.cpp">
      <Filter>Source Files</Filter>
    </ClCompile>
    <ClCompile Include="src\misc\host_locale_win32.cpp">
      <Filter>Source Files</Filter>
    </ClCompile>
    <ClCompile Include="src\misc\image_decoder.cpp">
      <Filter>Source Files</Filter>
    </ClCompile>
    <ClCompile Include="src\misc\iso_locale_codes.cpp">
      <Filter>Source Files</Filter>
    </ClCompile>
    <ClCompile Include="src\misc\messages.cpp">
      <Filter>Source Files</Filter>
    </ClCompile>
    <ClCompile Include="src\misc\messages_adjust.cpp">
      <Filter>Source Files</Filter>
    </ClCompile>
    <ClCompile Include="src\misc\messages_po_entry.cpp">
      <Filter>Source Files</Filter>
    </ClCompile>
    <ClCompile Include="src\misc\rwqueue.cpp">
      <Filter>Source Files</Filter>
    </ClCompile>
    <ClCompile Include="src\misc\support.cpp">
      <Filter>Source Files</Filter>
    </ClCompile>
    <ClCompile Include="src\misc\unicode.cpp">
      <Filter>Source Files</Filter>
    </ClCompile>
    <ClCompile Include="src\misc\unicode_encodings.cpp">
      <Filter>Source Files</Filter>
    </ClCompile>
    <ClCompile Include="src\misc\video.cpp">
      <Filter>Source Files</Filter>
    </ClCompile>
    <ClCompile Include="src\shell\autoexec.cpp">
      <Filter>Source Files</Filter>
    </ClCompile>
    <ClCompile Include="src\shell\command_line.cpp">
      <Filter>Source Files</Filter>
    </ClCompile>
    <ClCompile Include="src\shell\file_reader.cpp">
      <Filter>Source Files</Filter>
    </ClCompile>
    <ClCompile Include="src\shell\shell.cpp">
      <Filter>Source Files</Filter>
    </ClCompile>
    <ClCompile Include="src\shell\shell_batch.cpp">
      <Filter>Source Files</Filter>
    </ClCompile>
    <ClCompile Include="src\shell\shell_cmds.cpp">
      <Filter>Source Files</Filter>
    </ClCompile>
    <ClCompile Include="src\shell\shell_history.cpp">
      <Filter>Source Files</Filter>
    </ClCompile>
    <ClCompile Include="src\shell\shell_misc.cpp">
      <Filter>Source Files</Filter>
    </ClCompile>
    <ClCompile Include="src\utils\env_utils.cpp">
      <Filter>Source Files</Filter>
    </ClCompile>
    <ClCompile Include="src\utils\string_utils.cpp">
      <Filter>Source Files</Filter>
    </ClCompile>
    <ClCompile Include="src\webserver\bridge.cpp">
      <Filter>Source Files</Filter>
    </ClCompile>
    <ClCompile Include="src\webserver\webserver.cpp">
      <Filter>Source Files</Filter>
    </ClCompile>
    <ClCompile Include="src\webserver\cpu.cpp">
      <Filter>Source Files</Filter>
    </ClCompile>
    <ClCompile Include="src\webserver\memory.cpp">
      <Filter>Source Files</Filter>
    </ClCompile>
    <ClCompile Include="src\webserver\dos.cpp">
      <Filter>Source Files</Filter>
    </ClCompile>
  </ItemGroup>
  <ItemGroup>
    <Filter Include="Source Files">
      <UniqueIdentifier>{82C75259-9C27-310F-9F2F-DE7EB2BFEE35}</UniqueIdentifier>
    </Filter>
  </ItemGroup>
  <ItemGroup>
    <ResourceCompile Include="src\platform\windows\winres.rc" />
  </ItemGroup>
  <ItemGroup>
    <None Include="vcpkg.json" />
  </ItemGroup>
</Project>