<?xml version="1.0" encoding="utf-8"?>
<Project ToolsVersion="18.0" xmlns="http://schemas.microsoft.com/developer/msbuild/2003">
  <ItemGroup>
    <ClCompile Include="resample\SincResampler.cpp">
      <Filter>Source Files</Filter>
    </ClCompile>
    <ClCompile Include="Dac.cpp">
      <Filter>Source Files</Filter>
    </ClCompile>
    <ClCompile Include="EnvelopeGenerator.cpp">
      <Filter>Source Files</Filter>
    </ClCompile>
    <ClCompile Include="ExternalFilter.cpp">
      <Filter>Source Files</Filter>
    </ClCompile>
    <ClCompile Include="Filter.cpp">
      <Filter>Source Files</Filter>
    </ClCompile>
    <ClCompile Include="Filter6581.cpp">
      <Filter>Source Files</Filter>
    </ClCompile>
    <ClCompile Include="Filter8580.cpp">
      <Filter>Source Files</Filter>
    </ClCompile>
    <ClCompile Include="FilterModelConfig.cpp">
      <Filter>Source Files</Filter>
    </ClCompile>
    <ClCompile Include="FilterModelConfig6581.cpp">
      <Filter>Source Files</Filter>
    </ClCompile>
    <ClCompile Include="FilterModelConfig8580.cpp">
      <Filter>Source Files</Filter>
    </ClCompile>
    <ClCompile Include="Integrator6581.cpp">
      <Filter>Source Files</Filter>
    </ClCompile>
    <ClCompile Include="Integrator8580.cpp">
      <Filter>Source Files</Filter>
    </ClCompile>
    <ClCompile Include="OpAmp.cpp">
      <Filter>Source Files</Filter>
    </ClCompile>
    <ClCompile Include="SID.cpp">
      <Filter>Source Files</Filter>
    </ClCompile>
    <ClCompile Include="Spline.cpp">
      <Filter>Source Files</Filter>
    </ClCompile>
    <ClCompile Include="WaveformCalculator.cpp">
      <Filter>Source Files</Filter>
    </ClCompile>
    <ClCompile Include="WaveformGenerator.cpp">
      <Filter>Source Files</Filter>
    </ClCompile>
  </ItemGroup>
  <ItemGroup>
    <Filter Include="Source Files">
      <UniqueIdentifier>{82C75259-9C27-310F-9F2F-DE7EB2BFEE35}</UniqueIdentifier>
    </Filter>
  </ItemGroup>
</Project>
